{
  "version": 4,
  "terraform_version": "1.5.6",
  "serial": 35,
  "lineage": "25d62779-b096-ab67-9e53-4e31bafae036",
  "outputs": {},
  "resources": [
    {
      "mode": "data",
      "type": "azurerm_kubernetes_service_versions",
      "name": "current",
      "provider": "provider[\"registry.terraform.io/hashicorp/azurerm\"]",
      "instances": [
        {
          "schema_version": 0,
          "attributes": {
            "id": "/subscriptions/d1f6b49f-056d-4d2e-90f5-264eaa9e8db6/providers/Microsoft.ContainerService/locations/westeurope/orchestrators",
            "include_preview": false,
            "latest_version": "1.27.3",
            "location": "westeurope",
            "timeouts": null,
            "version_prefix": "1.27",
            "versions": [
              "1.27.3",
              "1.27.1"
            ]
          },
          "sensitive_attributes": []
        }
      ]
    },
    {
      "mode": "managed",
      "type": "azurerm_container_registry",
      "name": "acr",
      "provider": "provider[\"registry.terraform.io/hashicorp/azurerm\"]",
      "instances": [
        {
          "schema_version": 2,
          "attributes": {
            "admin_enabled": true,
            "admin_password": "D0Fh/uiWPv7DIrchspSoMiYiTZgpNXb/4aR3AxR5h2+ACRCEOiV+",
            "admin_username": "acrberryonmars01",
            "anonymous_pull_enabled": false,
            "data_endpoint_enabled": false,
            "encryption": [
              {
                "enabled": false,
                "identity_client_id": "",
                "key_vault_key_id": ""
              }
            ],
            "export_policy_enabled": true,
            "georeplications": [],
            "id": "/subscriptions/d1f6b49f-056d-4d2e-90f5-264eaa9e8db6/resourceGroups/rg-testkubernetesgroup-dev-01/providers/Microsoft.ContainerRegistry/registries/acrberryonmars01",
            "identity": [],
            "location": "westeurope",
            "login_server": "acrberryonmars01.azurecr.io",
            "name": "acrberryonmars01",
            "network_rule_bypass_option": "AzureServices",
            "network_rule_set": [],
            "public_network_access_enabled": true,
            "quarantine_policy_enabled": false,
            "resource_group_name": "rg-testkubernetesgroup-dev-01",
            "retention_policy": [
              {
                "days": 7,
                "enabled": false
              }
            ],
            "sku": "Basic",
            "tags": {
              "Environment": "dev",
              "Provisioned": "Terraform"
            },
            "timeouts": null,
            "trust_policy": [
              {
                "enabled": false
              }
            ],
            "zone_redundancy_enabled": false
          },
          "sensitive_attributes": [],
          "private": "eyJlMmJmYjczMC1lY2FhLTExZTYtOGY4OC0zNDM2M2JjN2M0YzAiOnsiY3JlYXRlIjoxODAwMDAwMDAwMDAwLCJkZWxldGUiOjE4MDAwMDAwMDAwMDAsInJlYWQiOjMwMDAwMDAwMDAwMCwidXBkYXRlIjoxODAwMDAwMDAwMDAwfSwic2NoZW1hX3ZlcnNpb24iOiIyIn0=",
          "dependencies": [
            "azurerm_resource_group.main_rg"
          ]
        }
      ]
    },
    {
      "mode": "managed",
      "type": "azurerm_kubernetes_cluster",
      "name": "aks_cluster",
      "provider": "provider[\"registry.terraform.io/hashicorp/azurerm\"]",
      "instances": [
        {
          "schema_version": 2,
          "attributes": {
            "aci_connector_linux": [],
            "api_server_access_profile": [],
            "api_server_authorized_ip_ranges": [],
            "auto_scaler_profile": [],
            "automatic_channel_upgrade": "",
            "azure_active_directory_role_based_access_control": [],
            "azure_policy_enabled": null,
            "default_node_pool": [
              {
                "capacity_reservation_group_id": "",
                "custom_ca_trust_enabled": false,
                "enable_auto_scaling": false,
                "enable_host_encryption": false,
                "enable_node_public_ip": false,
                "fips_enabled": false,
                "host_group_id": "",
                "kubelet_config": [],
                "kubelet_disk_type": "OS",
                "linux_os_config": [],
                "max_count": 0,
                "max_pods": 75,
                "message_of_the_day": "",
                "min_count": 0,
                "name": "systempool",
                "node_count": 3,
                "node_labels": {
                  "app": "testkubernetesgroup",
                  "environment": "dev",
                  "nodepool-type": "main",
                  "nodepoolos": "linux"
                },
                "node_public_ip_prefix_id": "",
                "node_taints": [],
                "only_critical_addons_enabled": false,
                "orchestrator_version": "1.27.3",
                "os_disk_size_gb": 75,
                "os_disk_type": "Ephemeral",
                "os_sku": "Ubuntu",
                "pod_subnet_id": "",
                "proximity_placement_group_id": "",
                "scale_down_mode": "Delete",
                "tags": {
                  "app": "testkubernetesgroup",
                  "environment": "dev",
                  "nodepool-type": "main",
                  "nodepoolos": "linux"
                },
                "type": "VirtualMachineScaleSets",
                "ultra_ssd_enabled": false,
                "upgrade_settings": [],
                "vm_size": "Standard_E2ads_v5",
                "vnet_subnet_id": "/subscriptions/d1f6b49f-056d-4d2e-90f5-264eaa9e8db6/resourceGroups/rg-testkubernetesgroup-dev-01/providers/Microsoft.Network/virtualNetworks/vnet-dev-weu-01/subnets/snet-dev-weu-01",
                "workload_runtime": "",
                "zones": []
              }
            ],
            "disk_encryption_set_id": "",
            "dns_prefix": "aks-testkubernetesgroup-dev-weu-01",
            "dns_prefix_private_cluster": "",
            "edge_zone": "",
            "enable_pod_security_policy": false,
            "fqdn": "aks-testkubernetesgroup-dev-weu-01-sdpwm7vd.hcp.westeurope.azmk8s.io",
            "http_application_routing_enabled": false,
            "http_application_routing_zone_name": null,
            "http_proxy_config": [],
            "id": "/subscriptions/d1f6b49f-056d-4d2e-90f5-264eaa9e8db6/resourceGroups/rg-testkubernetesgroup-dev-01/providers/Microsoft.ContainerService/managedClusters/aks-testkubernetesgroup-weu-01",
            "identity": [
              {
                "identity_ids": [],
                "principal_id": "a0b6753b-a0ae-4b0f-891c-22df62e28851",
                "tenant_id": "6d2d2339-2536-4f25-95ef-847f5827e1bc",
                "type": "SystemAssigned"
              }
            ],
            "image_cleaner_enabled": false,
            "image_cleaner_interval_hours": 48,
            "ingress_application_gateway": [],
            "key_vault_secrets_provider": [],
            "kube_admin_config": [],
            "kube_admin_config_raw": "",
            "kube_config": [
              {
                "client_certificate": "LS0tLS1CRUdJTiBDRVJUSUZJQ0FURS0tLS0tCk1JSUZIakNDQXdhZ0F3SUJBZ0lSQUxVbG94cERaU3pnNmZPQkJQZEZjSWN3RFFZSktvWklodmNOQVFFTEJRQXcKRFRFTE1Ba0dBMVVFQXhNQ1kyRXdIaGNOTWpNd09UQTBNVE14TVRFeFdoY05NalV3T1RBME1UTXlNVEV4V2pBdwpNUmN3RlFZRFZRUUtFdzV6ZVhOMFpXMDZiV0Z6ZEdWeWN6RVZNQk1HQTFVRUF4TU1iV0Z6ZEdWeVkyeHBaVzUwCk1JSUNJakFOQmdrcWhraUc5dzBCQVFFRkFBT0NBZzhBTUlJQ0NnS0NBZ0VBdzM3bksxYlJDMlVqVEYyU3NHb20KZ1l6SjcxT1ptRGdqVDI5S1RyZ2N5MFEwSDI1OW45RnZqMmNmMzBPNXEraGxGaXhYYjc4WHN6QzJtdCt1dWMxZAozc015elBiNGk3V0FITGphQlNlUHlLTjY5aENUaHZYRzltY1VGQ29HTk9UL28xL0c3c2xXTDBBQVFWaXdsbENxCnQ5clY5RUExS2EyRlJ1OGRqS2UzMzlTRUFiS0I0c1NkNUlBSXFJUE5aZGx1d1FQRzBWd1dVQktldkQ4NGJDRHQKYW41Tk83YzJCMDdpSHJDaUxMbklnWmJDT2dnZjlneW5qdnRWaWhxQVJhWDVQbVNxbWVTaGNxY2dPZ3YweTZkeQpMVWUzckcyT3VGRk1aWDRKdzdhV1ZNazBzeTQ3Z3hDNW9qUVI0bG5nQ1JRN3NlazNiRHUxQzIvMnhHTlQwMDRKCmtQN1U5N3RmemdWb3pub0x0b3VDM3czREx1dU4zN1poZWNTb0cvK3gwTHUxVHB5cUdUb1UwdGNVK2ZtbElxbjMKUTJnYVdaOTVxSXhJTDRRbW4xSERmZWZ1a2h3dUxSYmswb0UydERCVEp5TUYwZzBPOEkranJqejBpQy9PSzZLaApiemF3M256bTRLTmdHUy9aa3k5VU54Q3hGeXdlSWZCVWxPTnFOUDdBcUZpQXZlbnAxRSsxZDdoWlU1Mm9KdVN2ClE5dXA2blM0bElLMzBRSXRtUVk4dlR3eExUd0xPdFMrcjhYWC8rUUI2WGJJYzJFSG9jV0pvNmRVL2x2YVJMMEsKcjhpWEJxdGxBN3A2NVRuTEt2ZG83SGhyYkFBRThKWk90SmpxTlRHVlZqd044ZzkzUnhuWDdRVGJPZXFzQkVwago2aDVqeUtHN0FEcTR4VXliOVh3bWZ4VUNBd0VBQWFOV01GUXdEZ1lEVlIwUEFRSC9CQVFEQWdXZ01CTUdBMVVkCkpRUU1NQW9HQ0NzR0FRVUZCd01DTUF3R0ExVWRFd0VCL3dRQ01BQXdId1lEVlIwakJCZ3dGb0FVbm80UmgvTVYKRzJkN3cybTFhRTJtQTNtbk9TTXdEUVlKS29aSWh2Y05BUUVMQlFBRGdnSUJBRmZ5MldGUDFuME5iY1JkT3hEYQpWUlp1ZUlEU0lsOStXK0dHVDNHb1RuSitnb2RWeVlhSWV4cG5IMkZ5NEZsOHR3azFRbzBzZjFaVGxiSjNUV0ZtCkRUUkJ2U0tJdjVhTTJwcGc1NjhCVitsak13di9LR0RLVVNsSjkrM00rUVJSTWttKzhjOGQxZnZxUXFKWG5lV3EKTUU2cW1GeUZLNkg3WlNWWVlvUWxsQWJKUGwvZ1hSMkxGdC9BTzkxOG9jSzJiaEU1QVh2M2FXWHJqQndVZG44OAozUDFZMXZrTUJ1SHYxWk0yRHhBbWxnTG9TT3pQdWZYVUtraURyc3RlNXNpNHpmU0hKNEZmZXBrQ1VYR3hCYS9kClRuNG1nQzlWbU5rT1lGa00ya0NlbFd1M0R2cUVZbkJoVE1UdzhORWJRQVBuME1uS2F5MDdwTlhGdDlLWHJCR0IKS1BORFl6dW9CRzRrL0g1cHRxdWtvRVB1SGV6VnhaSHIxVi8wNjZRWnY2N0V3REtqWlZMSjAwTHZLb01lbVk0SQpYbWF1U0NIdzVuQ1BqZlFzQUQxYUN2SkhURDNMRlRrOElCSW8vRTFjdUJMZFRLK3B2T2hONE5GSnhtMTVPTGhKCjZIZWIyeHFHMUdMOC85RS9kajNMNHhuNGcvWEFTVW9OQnl4YktFL1J5eFNFMUZkNWZYQUlWOTZhWldxSlAxQmIKckEzVWNsa0dRc2FENm90YXQ1d2kwbmZhd3VoM3ltZnpNWitUWmpKRU1iUW1Dd2JhNUtHRGpnWE5WZlR0UXdYVgpvYzFsK0ZqZW1raDlBTm9XczFGM2FuU0N2Y1BOZTBtc01SeVJlUzRnOXdsaTkrS3ZZNGx5VldzK1cxaG5vRFhGCkYzdzN2dm5DOTJwSUVkZzhETVFTdkZLNgotLS0tLUVORCBDRVJUSUZJQ0FURS0tLS0tCg==",
                "client_key": "LS0tLS1CRUdJTiBSU0EgUFJJVkFURSBLRVktLS0tLQpNSUlKS0FJQkFBS0NBZ0VBdzM3bksxYlJDMlVqVEYyU3NHb21nWXpKNzFPWm1EZ2pUMjlLVHJnY3kwUTBIMjU5Cm45RnZqMmNmMzBPNXEraGxGaXhYYjc4WHN6QzJtdCt1dWMxZDNzTXl6UGI0aTdXQUhMamFCU2VQeUtONjloQ1QKaHZYRzltY1VGQ29HTk9UL28xL0c3c2xXTDBBQVFWaXdsbENxdDlyVjlFQTFLYTJGUnU4ZGpLZTMzOVNFQWJLQgo0c1NkNUlBSXFJUE5aZGx1d1FQRzBWd1dVQktldkQ4NGJDRHRhbjVOTzdjMkIwN2lIckNpTExuSWdaYkNPZ2dmCjlneW5qdnRWaWhxQVJhWDVQbVNxbWVTaGNxY2dPZ3YweTZkeUxVZTNyRzJPdUZGTVpYNEp3N2FXVk1rMHN5NDcKZ3hDNW9qUVI0bG5nQ1JRN3NlazNiRHUxQzIvMnhHTlQwMDRKa1A3VTk3dGZ6Z1Zvem5vTHRvdUMzdzNETHV1TgozN1poZWNTb0cvK3gwTHUxVHB5cUdUb1UwdGNVK2ZtbElxbjNRMmdhV1o5NXFJeElMNFFtbjFIRGZlZnVraHd1CkxSYmswb0UydERCVEp5TUYwZzBPOEkranJqejBpQy9PSzZLaGJ6YXczbnptNEtOZ0dTL1preTlVTnhDeEZ5d2UKSWZCVWxPTnFOUDdBcUZpQXZlbnAxRSsxZDdoWlU1Mm9KdVN2UTl1cDZuUzRsSUszMFFJdG1RWTh2VHd4TFR3TApPdFMrcjhYWC8rUUI2WGJJYzJFSG9jV0pvNmRVL2x2YVJMMEtyOGlYQnF0bEE3cDY1VG5MS3ZkbzdIaHJiQUFFCjhKWk90SmpxTlRHVlZqd044ZzkzUnhuWDdRVGJPZXFzQkVwajZoNWp5S0c3QURxNHhVeWI5WHdtZnhVQ0F3RUEKQVFLQ0FnQUt4a2UvWDcyTnZ6ayswRGx4ZDZnL281N05qZkg5TGJya2VlSENqT3NwV016Mm5vUlY5cGtMY2tlVAphb3dsS1YzSTV4QzZtL0dXY3F6ZHhFNUE5MHloSm1qNld2SS80UFQ2b0VXRDJ6WlZmSTBlV3JPRzBLenlqNlBQCnFMRkc0UWdsM1BWOTI2TGdYOHFqejF1TUxVMzdiQmcycWdORUZNZ3ZyS1lZUm5ZZjQvcVNqV0FUTzNyb1NSWXgKRTNLU2xuVkFOaEVUSU53cDlaekNDMG4weTZ2S0hzUHE4cUlMclJGUlY3TFlmRFRNejU1TXpIM1dkY1FXWVV2SgpuTVJORW1TMlI1NFBkVVpncDAxalpaMU1UQ0pDMUowTzU4cmg1YmtzTHRJaTgwRTkwd2tRaHcvSW5YZGR0VGozCkhMVDRTeUV2SVFkbzg3RjZ1K1VCMWVlYzBjUTlIT1RKRG5kV1V2Z1Fac1d1VFpDVDErZWlDaXdKOXRGUDVzdkUKSWFWM1ZjMDNyU01MTTN2Q0ZrQWFCVnZTaHJaUjVpRWJaSHNUcVJmd0xZSXZKSnl0L2hQL3FpbW50Q3FEcFdTNAo4VklqS0w3WWlnWERYSE9kRml4RTNldUJMckYxVCs5djd4R3plWjREK2MwQ01VU2w0czNmSUU4MVhFb3lFdUVtCmt3WmhNNTBVZXZIZmI0R3lNdHZ5WGJqZ3l6MUFxYm1iT2IrNzRna25xWGJjeitXdUJNTEtBcXZ5UC96ZjM3TGYKSVVOTWNXU0ZudzlYcXFCR2tGeFlyZXZOd0p4WVNyTE9GdFREY0NNT0JXVDVzTURrK3FkMDFUR1QrekZMeEZFZApzVXNqRDBEVEtVdWlQaDQydkN6QUpXTENsa3lSR2xiTFVwdGh0V1BUcjFJaSt2NTEwUUtDQVFFQTNFWFRnWjRjCjRRS3oyMXVIUWV1Qm4rUVl1ZUQvVTlHSzVzSXpKdlppc21hdm55OWozbkU0TldaTi9ZNlBrQi9vc0VJS3FDclgKMkpiN21TUjRtNGpYMVBIc0JXWnkzWEduNi9FR2tqU0VIMTh3ejczUjRia09PTThLWDZ2bnhGZUlPZCtmWmE2QgorOStTeXJHZEN5NFVjZE8yd0RLRVhJWUx5L2Rwb0dZYWJYcDNFMkN3bHRFWUpGbk9tMnpBdlNwYmduWm9QZGh0CmdQemptRzIxUmZiRzlCMUF2anhIemFNMytyNGVvbmNxcUp6TjRqRkZTNDNkUEFDTkk2c2dVckxHbDVVKzVjT3oKeU9GMSs0TTFWTlJnRXBpdTVJSXFtME1FWnRmMEY1QW5QM2txeUJkNCt6bG40RmNId0pGTEJFYzl3cFZXSjN0dgpiUGxmVkRsb3VnOXNid0tDQVFFQTR6UklrUXZwcmJvUWZ4SjdtaTg0aWtJc2Rtc1lVTURKSjFrV0d6M0ZIMkdDCndjQnM0dkVyN0tlUXFrOUlYR2RVS25MOXhjM1FIM05QVUo0SG5Mb0o5RHBVQVNRRUZyU3JBOCtUcktTeXI1ZkwKL0lRTk9wcmFTbHUxT1VrckRFL2ErMWpFdVl5c0dSUm1GdGNxSk14VGE5b2ZEK2F0ZlNpRlZIU3RCWTBBVDRGUApEc2tLclRBNjk2TkxuNkMycU83eGZpM0ZjdzBjOVhkVmppUmU0TEw1T2lFTlJocVVEMlFOdVZSZElzQjlSSnJaCkh6clBjQkNyY1JPN0RWZHNISVFTcG5DU3BFSXQzQ2tFREhUUk9ZQ1VwcmExYUNzV3VTN3FlMjlpR2EyT285cWgKdE9QeTJiSk4rWFgvak5iNElyd0sxMnRqV2s0QWNxS3dUcmtqTjF0V3V3S0NBUUVBZ1l4UHFKdmxRRERtdHN4Tgo4R2NpQlhlUlUwRVE2YXNEbGxRQTRabG0wcVd5QkYxS3p6aW5aa0NVL2RzcWRBbFFRTm1XaXZFbm9TcXJMcFpVCm1LVVN5eHE5UlMvTHZwRnB3VW93SXl6Zng5T2tVWW5DTm84djNobG1jSDRhQVUrNXZzL1dYMmNTNjUvQ0paUHcKV1BMdzgwRWc2a2pMcjk3bWNUOUIwQ1E4eHNhUDRjV3NGZ2REdTUxVjlmTXdLQkVSWU5saTFYekVhbWhSTXdUUwo2Q01MUCtjMGZLM1hUUW9Ca21iZWZZNjRlQkpBeEJkV09lbGxoRFNPemJ1SGR4dk4wTGptRlJ2VVVRREk4dk5vCkdrd05kT0ozZWMxVVladzRxb08zKzJPOHNZZ0JzVXljeXFRb2c3aXJ4b1d0S1FiOU84TzR0OS9RMkxhUmFtZVoKUUZSeDRRS0NBUUIxTlphdUJSaERBRGJjWnh1T21nZXdBNTFPWmNkQWVZUU1JWUF2QTNtNnk2SVo4L3Y0UTNSbQpmTGM3dFBUZWZvdkQ3bGlPZjdON1ZoQTN4WjZsc3EvSjU0RklxVnpXbmRPUGZybHZHZlA0Yy9YT3lnek5DKy9LCjVtNmlJK1hxVHhQb0VJNUVMcGJseFVrNVJUeS9pUTBNR1pWbXJaa1lkUnY3U3NtcmtHYjFuUDY4NE9mNkdtU0IKTmlPZ01OZXFaTUgrVnZ5Q2N1UmFtWHB3ZnNEWGFGejhLT3JoSEhyL1NaMXUyMS9FdXNxazVzRlZ4QkFaZnZBQwp3S3dCb1BUcjdSSjEvS01aeSs0K29vWXRLdUo0cUtXSEw4QjhBYWFTVitxdFRQT3R6WVJGY1ZkMHF4ZXdTTFRECkdhV0E4YkZHc2YxaHprdU4zYW1MZWZROFdIUWJiYXBiQW9JQkFHb09wbmxtU0RobzdvUm1BUi85NlhoTkp2b2kKMnBtY29Xb0lKcTdMaUdzMFZqcDFFSWhlL0ZQb3Nja3BmTWVBRXlLVEp0bUE5bitBL2NZZ2tzaHJld1VTZTZ1SAozc01ORVJGaEFGWGtHWjhrcmV5WTNlbW4zYUs4L2dvTDZMMGxwcEk4bk8ydnBaS2liWllrRHRlc1N6dGdaeTFjCmRpWUdaOVFwMVhJeDVqS3M5Tjl6NVZ6aU80Q25hR0pMcEFVSGhuakxNRXoyR290bmRDSWtRWHF1dWFBNUhUN1oKeE03Yk5XOG0yRjNtaERDYW5TM1NEdjQyZEFza2h1N0ttSTBlNmRmQi93RW16cWhkcmx5d2l0c04wKys5N1JGbApNVDhjdHhlTW1aNGJ5eGc1R0JuRVpFa01yMEs4bTk0YlJ3VElRZlZUVnlubG5tZ0JzTWRLVjcvaWltQT0KLS0tLS1FTkQgUlNBIFBSSVZBVEUgS0VZLS0tLS0K",
                "cluster_ca_certificate": "LS0tLS1CRUdJTiBDRVJUSUZJQ0FURS0tLS0tCk1JSUU2VENDQXRHZ0F3SUJBZ0lSQUwxQlI2YjREVWhBc1hVWW91UGc3bWt3RFFZSktvWklodmNOQVFFTEJRQXcKRFRFTE1Ba0dBMVVFQXhNQ1kyRXdJQmNOTWpNd09UQTBNVE14TVRFeFdoZ1BNakExTXpBNU1EUXhNekl4TVRGYQpNQTB4Q3pBSkJnTlZCQU1UQW1OaE1JSUNJakFOQmdrcWhraUc5dzBCQVFFRkFBT0NBZzhBTUlJQ0NnS0NBZ0VBCnllTTNadE1ma0tyQWd0K3FuQ1lpQzN5dDg5VFhETm5ZeElBaUo1bVB4RUZhalhUN2l1VVpMZ3NkcjNDWWZxTFcKZ1I0bGJBOTFuZmhMV2hWREkyNUN2Z3laY0VZSFFkWWVqWUZLZVhvS0p0akRDbGc5b1VVbEJhU0o1clpkd2dZMgpqTStvcSswN3ZXdm9PeU5wUFZxN2h1SGdqZkpYVHM2T20wdzFSSWdGNWJZQTIwdmY2S2dVaFJLL2FZOExJZSt2CkhjaXI5eEl3UjkwNkkvM3p6UWpNSWt3RWtObXYwUDFKU05HVkVJRmpodG1nc25vNHQzV2tYY2laa29pQU9sb2EKTytOMGJKU05rMzJTSVErOFNmdXhFdXd3cFZYaWo2NitRYXRCMVdaTGxMck9GUFdZS0JxY0lBWVg2ZDVDTDZXZgo3eS9LYXUrZmY3YkJ4VC9XS1dJOFhSRnRkRE1SaUFIMWhzRFVvd1Flb3QvSVdBL282bzVPYUF0bTBSSTRITEJvCjZQVU1WV1BEUUJDY1JyZUEybUJ4RDJNTEVMYzExNVZwQ3lFWnNiYmd1MS9Tb3hmb2sxbDVNSG1jWktKWHJhaC8KZVFYTlF1Ti92emt6Y3RDRGNSQ1dLM2h1VXhHU0RJdVdJelducFJyVUJVUkI3Vi9GWGZrTVRZWkI4TWpFK2ZXYQpsVGVjcVA1YzVSTm9qbitHc3IzZFNsNUc5aDMxZG82ZmoxME1sL0I2cnY1N2Q0NVRVMDdUd20vdDBaNnc3ODloCngyK2QrcUVkRGlWelI1bGNEdmY2MmZTYmZuZ2lpaWNTV0xsKzNrRVYvZ1NSbjlSS2xKbm5UZURkdFNuTmR2em8Kb0VaeVRPbTAxb0JieFBGdnhLb0hUYkZNcThGbEEwVG1pMGJPMHVIRjl6OENBd0VBQWFOQ01FQXdEZ1lEVlIwUApBUUgvQkFRREFnS2tNQThHQTFVZEV3RUIvd1FGTUFNQkFmOHdIUVlEVlIwT0JCWUVGSjZPRVlmekZSdG5lOE5wCnRXaE5wZ041cHprak1BMEdDU3FHU0liM0RRRUJDd1VBQTRJQ0FRQVcrZ1hEa1FJb04rcDhqQUNzZVkxYXowQSsKTWxhWXVTMTN1UTFwTVZqdmpTdk9qZnJDYjg0R3dDL0M1aXNUS2hjY0F1QlNZV2NvUldNU2pNaURadm5FdCtmRgpjZDVpcGtaTW1RZzFkVFU1UVRTeTBuWEpWVm13dm8xQzlpUnFEMGUwSUZhTG0waVhOdlViaElGOHJ1K3ZqcmtICk53M1lrYmxQcU5oMFByMkdnQlptYXhuQlB3bnhDcDZ5ci9ua0E3OFNSYTdlWjFSU1BmSDBOUVVGbi9OdTYycEoKMFQ4ZzlRMHBtcmRLNExoeUJiQjkwL1ZFeHlKNmtmZFlWYlVKc3R3eWlQT3BFcWtOcFdtNU1MTG5ZWEl0MTZJbQpBZHEzVVlrdk42b05GYlJ1RXlIVVlOMStvM1pRbFc3azkwRXg3UFZneTA1N3MxSTM5RysyUGhtUk1mOHdQakFKCkJHUi9CaVZmdmYrUG5EVXBxdm5uNEEvR1VUVCsxV2c0cnVGSElIMENKaGNEckIvL2Fvb1htUklyK1FUS2YwOFAKNENoeWFTajRHSFZOL1VmSUpGU21zbkphN1BseENIZzRkdmcvQkszLzhxd0p1TWNsdWFzendyR1B3MStEbDJidwpFajdrVTZqdSs1SGptNHlqZGwreVAwM1JUM2Nrcm5zZVk1R1BoMExMbjMzcDVWSk5pejJud2VvQXhseCtVMmZWCnpEek9yTDg2Y3FzUVdJN3VjSnlCWm1jczZWaCtyVTRwb3dPYzFtMTdJUURaWTQzQndZa1BRV0s1T253SXl3M2EKSTdEdFBRYlorS3pkSFVhWldIbEp0RGxYTXE5VkRzTkFGTUpBejZ3amN0ZDdZdW9qTTJqN29TYVoxdWJZcWtteQprVE9VQ0k5ZExLRC8zTjBmalE9PQotLS0tLUVORCBDRVJUSUZJQ0FURS0tLS0tCg==",
                "host": "https://aks-testkubernetesgroup-dev-weu-01-sdpwm7vd.hcp.westeurope.azmk8s.io:443",
                "password": "x4zdzi8htywsh6izu5ixcdm2cbu5yn1c5agw7euzqkcta40qiz3vadg1o28emsdm2ak24xpnxji3ptb71mgis59vz0vba2eltikxx8pxdtv3k6wcaj4zwup6ee1xvey2",
                "username": "clusterUser_rg-testkubernetesgroup-dev-01_aks-testkubernetesgroup-weu-01"
              }
            ],
            "kube_config_raw": "apiVersion: v1\nclusters:\n- cluster:\n    certificate-authority-data: LS0tLS1CRUdJTiBDRVJUSUZJQ0FURS0tLS0tCk1JSUU2VENDQXRHZ0F3SUJBZ0lSQUwxQlI2YjREVWhBc1hVWW91UGc3bWt3RFFZSktvWklodmNOQVFFTEJRQXcKRFRFTE1Ba0dBMVVFQXhNQ1kyRXdJQmNOTWpNd09UQTBNVE14TVRFeFdoZ1BNakExTXpBNU1EUXhNekl4TVRGYQpNQTB4Q3pBSkJnTlZCQU1UQW1OaE1JSUNJakFOQmdrcWhraUc5dzBCQVFFRkFBT0NBZzhBTUlJQ0NnS0NBZ0VBCnllTTNadE1ma0tyQWd0K3FuQ1lpQzN5dDg5VFhETm5ZeElBaUo1bVB4RUZhalhUN2l1VVpMZ3NkcjNDWWZxTFcKZ1I0bGJBOTFuZmhMV2hWREkyNUN2Z3laY0VZSFFkWWVqWUZLZVhvS0p0akRDbGc5b1VVbEJhU0o1clpkd2dZMgpqTStvcSswN3ZXdm9PeU5wUFZxN2h1SGdqZkpYVHM2T20wdzFSSWdGNWJZQTIwdmY2S2dVaFJLL2FZOExJZSt2CkhjaXI5eEl3UjkwNkkvM3p6UWpNSWt3RWtObXYwUDFKU05HVkVJRmpodG1nc25vNHQzV2tYY2laa29pQU9sb2EKTytOMGJKU05rMzJTSVErOFNmdXhFdXd3cFZYaWo2NitRYXRCMVdaTGxMck9GUFdZS0JxY0lBWVg2ZDVDTDZXZgo3eS9LYXUrZmY3YkJ4VC9XS1dJOFhSRnRkRE1SaUFIMWhzRFVvd1Flb3QvSVdBL282bzVPYUF0bTBSSTRITEJvCjZQVU1WV1BEUUJDY1JyZUEybUJ4RDJNTEVMYzExNVZwQ3lFWnNiYmd1MS9Tb3hmb2sxbDVNSG1jWktKWHJhaC8KZVFYTlF1Ti92emt6Y3RDRGNSQ1dLM2h1VXhHU0RJdVdJelducFJyVUJVUkI3Vi9GWGZrTVRZWkI4TWpFK2ZXYQpsVGVjcVA1YzVSTm9qbitHc3IzZFNsNUc5aDMxZG82ZmoxME1sL0I2cnY1N2Q0NVRVMDdUd20vdDBaNnc3ODloCngyK2QrcUVkRGlWelI1bGNEdmY2MmZTYmZuZ2lpaWNTV0xsKzNrRVYvZ1NSbjlSS2xKbm5UZURkdFNuTmR2em8Kb0VaeVRPbTAxb0JieFBGdnhLb0hUYkZNcThGbEEwVG1pMGJPMHVIRjl6OENBd0VBQWFOQ01FQXdEZ1lEVlIwUApBUUgvQkFRREFnS2tNQThHQTFVZEV3RUIvd1FGTUFNQkFmOHdIUVlEVlIwT0JCWUVGSjZPRVlmekZSdG5lOE5wCnRXaE5wZ041cHprak1BMEdDU3FHU0liM0RRRUJDd1VBQTRJQ0FRQVcrZ1hEa1FJb04rcDhqQUNzZVkxYXowQSsKTWxhWXVTMTN1UTFwTVZqdmpTdk9qZnJDYjg0R3dDL0M1aXNUS2hjY0F1QlNZV2NvUldNU2pNaURadm5FdCtmRgpjZDVpcGtaTW1RZzFkVFU1UVRTeTBuWEpWVm13dm8xQzlpUnFEMGUwSUZhTG0waVhOdlViaElGOHJ1K3ZqcmtICk53M1lrYmxQcU5oMFByMkdnQlptYXhuQlB3bnhDcDZ5ci9ua0E3OFNSYTdlWjFSU1BmSDBOUVVGbi9OdTYycEoKMFQ4ZzlRMHBtcmRLNExoeUJiQjkwL1ZFeHlKNmtmZFlWYlVKc3R3eWlQT3BFcWtOcFdtNU1MTG5ZWEl0MTZJbQpBZHEzVVlrdk42b05GYlJ1RXlIVVlOMStvM1pRbFc3azkwRXg3UFZneTA1N3MxSTM5RysyUGhtUk1mOHdQakFKCkJHUi9CaVZmdmYrUG5EVXBxdm5uNEEvR1VUVCsxV2c0cnVGSElIMENKaGNEckIvL2Fvb1htUklyK1FUS2YwOFAKNENoeWFTajRHSFZOL1VmSUpGU21zbkphN1BseENIZzRkdmcvQkszLzhxd0p1TWNsdWFzendyR1B3MStEbDJidwpFajdrVTZqdSs1SGptNHlqZGwreVAwM1JUM2Nrcm5zZVk1R1BoMExMbjMzcDVWSk5pejJud2VvQXhseCtVMmZWCnpEek9yTDg2Y3FzUVdJN3VjSnlCWm1jczZWaCtyVTRwb3dPYzFtMTdJUURaWTQzQndZa1BRV0s1T253SXl3M2EKSTdEdFBRYlorS3pkSFVhWldIbEp0RGxYTXE5VkRzTkFGTUpBejZ3amN0ZDdZdW9qTTJqN29TYVoxdWJZcWtteQprVE9VQ0k5ZExLRC8zTjBmalE9PQotLS0tLUVORCBDRVJUSUZJQ0FURS0tLS0tCg==\n    server: https://aks-testkubernetesgroup-dev-weu-01-sdpwm7vd.hcp.westeurope.azmk8s.io:443\n  name: aks-testkubernetesgroup-weu-01\ncontexts:\n- context:\n    cluster: aks-testkubernetesgroup-weu-01\n    user: clusterUser_rg-testkubernetesgroup-dev-01_aks-testkubernetesgroup-weu-01\n  name: aks-testkubernetesgroup-weu-01\ncurrent-context: aks-testkubernetesgroup-weu-01\nkind: Config\npreferences: {}\nusers:\n- name: clusterUser_rg-testkubernetesgroup-dev-01_aks-testkubernetesgroup-weu-01\n  user:\n    client-certificate-data: LS0tLS1CRUdJTiBDRVJUSUZJQ0FURS0tLS0tCk1JSUZIakNDQXdhZ0F3SUJBZ0lSQUxVbG94cERaU3pnNmZPQkJQZEZjSWN3RFFZSktvWklodmNOQVFFTEJRQXcKRFRFTE1Ba0dBMVVFQXhNQ1kyRXdIaGNOTWpNd09UQTBNVE14TVRFeFdoY05NalV3T1RBME1UTXlNVEV4V2pBdwpNUmN3RlFZRFZRUUtFdzV6ZVhOMFpXMDZiV0Z6ZEdWeWN6RVZNQk1HQTFVRUF4TU1iV0Z6ZEdWeVkyeHBaVzUwCk1JSUNJakFOQmdrcWhraUc5dzBCQVFFRkFBT0NBZzhBTUlJQ0NnS0NBZ0VBdzM3bksxYlJDMlVqVEYyU3NHb20KZ1l6SjcxT1ptRGdqVDI5S1RyZ2N5MFEwSDI1OW45RnZqMmNmMzBPNXEraGxGaXhYYjc4WHN6QzJtdCt1dWMxZAozc015elBiNGk3V0FITGphQlNlUHlLTjY5aENUaHZYRzltY1VGQ29HTk9UL28xL0c3c2xXTDBBQVFWaXdsbENxCnQ5clY5RUExS2EyRlJ1OGRqS2UzMzlTRUFiS0I0c1NkNUlBSXFJUE5aZGx1d1FQRzBWd1dVQktldkQ4NGJDRHQKYW41Tk83YzJCMDdpSHJDaUxMbklnWmJDT2dnZjlneW5qdnRWaWhxQVJhWDVQbVNxbWVTaGNxY2dPZ3YweTZkeQpMVWUzckcyT3VGRk1aWDRKdzdhV1ZNazBzeTQ3Z3hDNW9qUVI0bG5nQ1JRN3NlazNiRHUxQzIvMnhHTlQwMDRKCmtQN1U5N3RmemdWb3pub0x0b3VDM3czREx1dU4zN1poZWNTb0cvK3gwTHUxVHB5cUdUb1UwdGNVK2ZtbElxbjMKUTJnYVdaOTVxSXhJTDRRbW4xSERmZWZ1a2h3dUxSYmswb0UydERCVEp5TUYwZzBPOEkranJqejBpQy9PSzZLaApiemF3M256bTRLTmdHUy9aa3k5VU54Q3hGeXdlSWZCVWxPTnFOUDdBcUZpQXZlbnAxRSsxZDdoWlU1Mm9KdVN2ClE5dXA2blM0bElLMzBRSXRtUVk4dlR3eExUd0xPdFMrcjhYWC8rUUI2WGJJYzJFSG9jV0pvNmRVL2x2YVJMMEsKcjhpWEJxdGxBN3A2NVRuTEt2ZG83SGhyYkFBRThKWk90SmpxTlRHVlZqd044ZzkzUnhuWDdRVGJPZXFzQkVwago2aDVqeUtHN0FEcTR4VXliOVh3bWZ4VUNBd0VBQWFOV01GUXdEZ1lEVlIwUEFRSC9CQVFEQWdXZ01CTUdBMVVkCkpRUU1NQW9HQ0NzR0FRVUZCd01DTUF3R0ExVWRFd0VCL3dRQ01BQXdId1lEVlIwakJCZ3dGb0FVbm80UmgvTVYKRzJkN3cybTFhRTJtQTNtbk9TTXdEUVlKS29aSWh2Y05BUUVMQlFBRGdnSUJBRmZ5MldGUDFuME5iY1JkT3hEYQpWUlp1ZUlEU0lsOStXK0dHVDNHb1RuSitnb2RWeVlhSWV4cG5IMkZ5NEZsOHR3azFRbzBzZjFaVGxiSjNUV0ZtCkRUUkJ2U0tJdjVhTTJwcGc1NjhCVitsak13di9LR0RLVVNsSjkrM00rUVJSTWttKzhjOGQxZnZxUXFKWG5lV3EKTUU2cW1GeUZLNkg3WlNWWVlvUWxsQWJKUGwvZ1hSMkxGdC9BTzkxOG9jSzJiaEU1QVh2M2FXWHJqQndVZG44OAozUDFZMXZrTUJ1SHYxWk0yRHhBbWxnTG9TT3pQdWZYVUtraURyc3RlNXNpNHpmU0hKNEZmZXBrQ1VYR3hCYS9kClRuNG1nQzlWbU5rT1lGa00ya0NlbFd1M0R2cUVZbkJoVE1UdzhORWJRQVBuME1uS2F5MDdwTlhGdDlLWHJCR0IKS1BORFl6dW9CRzRrL0g1cHRxdWtvRVB1SGV6VnhaSHIxVi8wNjZRWnY2N0V3REtqWlZMSjAwTHZLb01lbVk0SQpYbWF1U0NIdzVuQ1BqZlFzQUQxYUN2SkhURDNMRlRrOElCSW8vRTFjdUJMZFRLK3B2T2hONE5GSnhtMTVPTGhKCjZIZWIyeHFHMUdMOC85RS9kajNMNHhuNGcvWEFTVW9OQnl4YktFL1J5eFNFMUZkNWZYQUlWOTZhWldxSlAxQmIKckEzVWNsa0dRc2FENm90YXQ1d2kwbmZhd3VoM3ltZnpNWitUWmpKRU1iUW1Dd2JhNUtHRGpnWE5WZlR0UXdYVgpvYzFsK0ZqZW1raDlBTm9XczFGM2FuU0N2Y1BOZTBtc01SeVJlUzRnOXdsaTkrS3ZZNGx5VldzK1cxaG5vRFhGCkYzdzN2dm5DOTJwSUVkZzhETVFTdkZLNgotLS0tLUVORCBDRVJUSUZJQ0FURS0tLS0tCg==\n    client-key-data: LS0tLS1CRUdJTiBSU0EgUFJJVkFURSBLRVktLS0tLQpNSUlKS0FJQkFBS0NBZ0VBdzM3bksxYlJDMlVqVEYyU3NHb21nWXpKNzFPWm1EZ2pUMjlLVHJnY3kwUTBIMjU5Cm45RnZqMmNmMzBPNXEraGxGaXhYYjc4WHN6QzJtdCt1dWMxZDNzTXl6UGI0aTdXQUhMamFCU2VQeUtONjloQ1QKaHZYRzltY1VGQ29HTk9UL28xL0c3c2xXTDBBQVFWaXdsbENxdDlyVjlFQTFLYTJGUnU4ZGpLZTMzOVNFQWJLQgo0c1NkNUlBSXFJUE5aZGx1d1FQRzBWd1dVQktldkQ4NGJDRHRhbjVOTzdjMkIwN2lIckNpTExuSWdaYkNPZ2dmCjlneW5qdnRWaWhxQVJhWDVQbVNxbWVTaGNxY2dPZ3YweTZkeUxVZTNyRzJPdUZGTVpYNEp3N2FXVk1rMHN5NDcKZ3hDNW9qUVI0bG5nQ1JRN3NlazNiRHUxQzIvMnhHTlQwMDRKa1A3VTk3dGZ6Z1Zvem5vTHRvdUMzdzNETHV1TgozN1poZWNTb0cvK3gwTHUxVHB5cUdUb1UwdGNVK2ZtbElxbjNRMmdhV1o5NXFJeElMNFFtbjFIRGZlZnVraHd1CkxSYmswb0UydERCVEp5TUYwZzBPOEkranJqejBpQy9PSzZLaGJ6YXczbnptNEtOZ0dTL1preTlVTnhDeEZ5d2UKSWZCVWxPTnFOUDdBcUZpQXZlbnAxRSsxZDdoWlU1Mm9KdVN2UTl1cDZuUzRsSUszMFFJdG1RWTh2VHd4TFR3TApPdFMrcjhYWC8rUUI2WGJJYzJFSG9jV0pvNmRVL2x2YVJMMEtyOGlYQnF0bEE3cDY1VG5MS3ZkbzdIaHJiQUFFCjhKWk90SmpxTlRHVlZqd044ZzkzUnhuWDdRVGJPZXFzQkVwajZoNWp5S0c3QURxNHhVeWI5WHdtZnhVQ0F3RUEKQVFLQ0FnQUt4a2UvWDcyTnZ6ayswRGx4ZDZnL281N05qZkg5TGJya2VlSENqT3NwV016Mm5vUlY5cGtMY2tlVAphb3dsS1YzSTV4QzZtL0dXY3F6ZHhFNUE5MHloSm1qNld2SS80UFQ2b0VXRDJ6WlZmSTBlV3JPRzBLenlqNlBQCnFMRkc0UWdsM1BWOTI2TGdYOHFqejF1TUxVMzdiQmcycWdORUZNZ3ZyS1lZUm5ZZjQvcVNqV0FUTzNyb1NSWXgKRTNLU2xuVkFOaEVUSU53cDlaekNDMG4weTZ2S0hzUHE4cUlMclJGUlY3TFlmRFRNejU1TXpIM1dkY1FXWVV2SgpuTVJORW1TMlI1NFBkVVpncDAxalpaMU1UQ0pDMUowTzU4cmg1YmtzTHRJaTgwRTkwd2tRaHcvSW5YZGR0VGozCkhMVDRTeUV2SVFkbzg3RjZ1K1VCMWVlYzBjUTlIT1RKRG5kV1V2Z1Fac1d1VFpDVDErZWlDaXdKOXRGUDVzdkUKSWFWM1ZjMDNyU01MTTN2Q0ZrQWFCVnZTaHJaUjVpRWJaSHNUcVJmd0xZSXZKSnl0L2hQL3FpbW50Q3FEcFdTNAo4VklqS0w3WWlnWERYSE9kRml4RTNldUJMckYxVCs5djd4R3plWjREK2MwQ01VU2w0czNmSUU4MVhFb3lFdUVtCmt3WmhNNTBVZXZIZmI0R3lNdHZ5WGJqZ3l6MUFxYm1iT2IrNzRna25xWGJjeitXdUJNTEtBcXZ5UC96ZjM3TGYKSVVOTWNXU0ZudzlYcXFCR2tGeFlyZXZOd0p4WVNyTE9GdFREY0NNT0JXVDVzTURrK3FkMDFUR1QrekZMeEZFZApzVXNqRDBEVEtVdWlQaDQydkN6QUpXTENsa3lSR2xiTFVwdGh0V1BUcjFJaSt2NTEwUUtDQVFFQTNFWFRnWjRjCjRRS3oyMXVIUWV1Qm4rUVl1ZUQvVTlHSzVzSXpKdlppc21hdm55OWozbkU0TldaTi9ZNlBrQi9vc0VJS3FDclgKMkpiN21TUjRtNGpYMVBIc0JXWnkzWEduNi9FR2tqU0VIMTh3ejczUjRia09PTThLWDZ2bnhGZUlPZCtmWmE2QgorOStTeXJHZEN5NFVjZE8yd0RLRVhJWUx5L2Rwb0dZYWJYcDNFMkN3bHRFWUpGbk9tMnpBdlNwYmduWm9QZGh0CmdQemptRzIxUmZiRzlCMUF2anhIemFNMytyNGVvbmNxcUp6TjRqRkZTNDNkUEFDTkk2c2dVckxHbDVVKzVjT3oKeU9GMSs0TTFWTlJnRXBpdTVJSXFtME1FWnRmMEY1QW5QM2txeUJkNCt6bG40RmNId0pGTEJFYzl3cFZXSjN0dgpiUGxmVkRsb3VnOXNid0tDQVFFQTR6UklrUXZwcmJvUWZ4SjdtaTg0aWtJc2Rtc1lVTURKSjFrV0d6M0ZIMkdDCndjQnM0dkVyN0tlUXFrOUlYR2RVS25MOXhjM1FIM05QVUo0SG5Mb0o5RHBVQVNRRUZyU3JBOCtUcktTeXI1ZkwKL0lRTk9wcmFTbHUxT1VrckRFL2ErMWpFdVl5c0dSUm1GdGNxSk14VGE5b2ZEK2F0ZlNpRlZIU3RCWTBBVDRGUApEc2tLclRBNjk2TkxuNkMycU83eGZpM0ZjdzBjOVhkVmppUmU0TEw1T2lFTlJocVVEMlFOdVZSZElzQjlSSnJaCkh6clBjQkNyY1JPN0RWZHNISVFTcG5DU3BFSXQzQ2tFREhUUk9ZQ1VwcmExYUNzV3VTN3FlMjlpR2EyT285cWgKdE9QeTJiSk4rWFgvak5iNElyd0sxMnRqV2s0QWNxS3dUcmtqTjF0V3V3S0NBUUVBZ1l4UHFKdmxRRERtdHN4Tgo4R2NpQlhlUlUwRVE2YXNEbGxRQTRabG0wcVd5QkYxS3p6aW5aa0NVL2RzcWRBbFFRTm1XaXZFbm9TcXJMcFpVCm1LVVN5eHE5UlMvTHZwRnB3VW93SXl6Zng5T2tVWW5DTm84djNobG1jSDRhQVUrNXZzL1dYMmNTNjUvQ0paUHcKV1BMdzgwRWc2a2pMcjk3bWNUOUIwQ1E4eHNhUDRjV3NGZ2REdTUxVjlmTXdLQkVSWU5saTFYekVhbWhSTXdUUwo2Q01MUCtjMGZLM1hUUW9Ca21iZWZZNjRlQkpBeEJkV09lbGxoRFNPemJ1SGR4dk4wTGptRlJ2VVVRREk4dk5vCkdrd05kT0ozZWMxVVladzRxb08zKzJPOHNZZ0JzVXljeXFRb2c3aXJ4b1d0S1FiOU84TzR0OS9RMkxhUmFtZVoKUUZSeDRRS0NBUUIxTlphdUJSaERBRGJjWnh1T21nZXdBNTFPWmNkQWVZUU1JWUF2QTNtNnk2SVo4L3Y0UTNSbQpmTGM3dFBUZWZvdkQ3bGlPZjdON1ZoQTN4WjZsc3EvSjU0RklxVnpXbmRPUGZybHZHZlA0Yy9YT3lnek5DKy9LCjVtNmlJK1hxVHhQb0VJNUVMcGJseFVrNVJUeS9pUTBNR1pWbXJaa1lkUnY3U3NtcmtHYjFuUDY4NE9mNkdtU0IKTmlPZ01OZXFaTUgrVnZ5Q2N1UmFtWHB3ZnNEWGFGejhLT3JoSEhyL1NaMXUyMS9FdXNxazVzRlZ4QkFaZnZBQwp3S3dCb1BUcjdSSjEvS01aeSs0K29vWXRLdUo0cUtXSEw4QjhBYWFTVitxdFRQT3R6WVJGY1ZkMHF4ZXdTTFRECkdhV0E4YkZHc2YxaHprdU4zYW1MZWZROFdIUWJiYXBiQW9JQkFHb09wbmxtU0RobzdvUm1BUi85NlhoTkp2b2kKMnBtY29Xb0lKcTdMaUdzMFZqcDFFSWhlL0ZQb3Nja3BmTWVBRXlLVEp0bUE5bitBL2NZZ2tzaHJld1VTZTZ1SAozc01ORVJGaEFGWGtHWjhrcmV5WTNlbW4zYUs4L2dvTDZMMGxwcEk4bk8ydnBaS2liWllrRHRlc1N6dGdaeTFjCmRpWUdaOVFwMVhJeDVqS3M5Tjl6NVZ6aU80Q25hR0pMcEFVSGhuakxNRXoyR290bmRDSWtRWHF1dWFBNUhUN1oKeE03Yk5XOG0yRjNtaERDYW5TM1NEdjQyZEFza2h1N0ttSTBlNmRmQi93RW16cWhkcmx5d2l0c04wKys5N1JGbApNVDhjdHhlTW1aNGJ5eGc1R0JuRVpFa01yMEs4bTk0YlJ3VElRZlZUVnlubG5tZ0JzTWRLVjcvaWltQT0KLS0tLS1FTkQgUlNBIFBSSVZBVEUgS0VZLS0tLS0K\n    token: x4zdzi8htywsh6izu5ixcdm2cbu5yn1c5agw7euzqkcta40qiz3vadg1o28emsdm2ak24xpnxji3ptb71mgis59vz0vba2eltikxx8pxdtv3k6wcaj4zwup6ee1xvey2\n",
            "kubelet_identity": [
              {
                "client_id": "33284d5d-3b94-4657-b143-329a3b28304f",
                "object_id": "67deb006-17e7-43bb-9d2b-6768976274d9",
                "user_assigned_identity_id": "/subscriptions/d1f6b49f-056d-4d2e-90f5-264eaa9e8db6/resourceGroups/rg-testkubernetesgroup-dev-01-aks-nrg/providers/Microsoft.ManagedIdentity/userAssignedIdentities/aks-testkubernetesgroup-weu-01-agentpool"
              }
            ],
            "kubernetes_version": "1.27.3",
            "linux_profile": [
              {
                "admin_username": "ubuntu",
                "ssh_key": [
                  {
                    "key_data": "ssh-rsa AAAAB3NzaC1yc2EAAAADAQABAAABgQCthsN1wQlZxMpOaPqLOWeh35BclZOLLj33DMLsNbCQFkBAXIFxweyWOvBpPg3Ki57cZn0ZFglErkBudTchJ3vFwAGl9OTNvhObQO4nCC2PKybs4BsUb+uL4DjuUKJBbOc2jNsNFHrfZumC/zK4ApaFuz1GSREekehLp6y7xQiNxguycf2rbiu0UNIHSprZEegAlOxR6QIBN9J65UqcUTVK6F+O+Ocwt39A486iGchNZ4V5RTf8K144isBFssM0eRtKR8xC7ikcHgrNrut0m8cHmsjibsOBaZJ7Wuzt7kNuDpQruuI6VT8/YgPf1BeACXVKN4rrSf+kQeOUGWlyIXdP1WY307xwkus2XOiy0uLOB93ASdrj7sI6ucMk/eGpUfxVVehBm0/gSxKUbddFg1/v4gHwL9AyFefSDbu3pAwjih+fQ6U8n1xOnON5+ND4f9NtjTZVU8x5HuxHI+2FH6glIpK7ugXHn0w/zfvIV3MD0P6LprBpaAexDgYyRa+pZHk= root@meha"
                  }
                ]
              }
            ],
            "local_account_disabled": false,
            "location": "westeurope",
            "maintenance_window": [],
            "microsoft_defender": [],
            "monitor_metrics": [],
            "name": "aks-testkubernetesgroup-weu-01",
            "network_profile": [
              {
                "dns_service_ip": "10.119.0.10",
                "docker_bridge_cidr": "172.19.0.1/16",
                "ebpf_data_plane": "",
                "ip_versions": [
                  "IPv4"
                ],
                "load_balancer_profile": [
                  {
                    "effective_outbound_ips": [
                      "/subscriptions/d1f6b49f-056d-4d2e-90f5-264eaa9e8db6/resourceGroups/Test_Kubernates_group/providers/Microsoft.Network/publicIPAddresses/myAKSPublicIP"
                    ],
                    "idle_timeout_in_minutes": 30,
                    "managed_outbound_ip_count": 0,
                    "managed_outbound_ipv6_count": 0,
                    "outbound_ip_address_ids": [
                      "/subscriptions/d1f6b49f-056d-4d2e-90f5-264eaa9e8db6/resourceGroups/Test_Kubernates_group/providers/Microsoft.Network/publicIPAddresses/myAKSPublicIP"
                    ],
                    "outbound_ip_prefix_ids": [],
                    "outbound_ports_allocated": 0
                  }
                ],
                "load_balancer_sku": "standard",
                "nat_gateway_profile": [],
                "network_mode": "",
                "network_plugin": "azure",
                "network_plugin_mode": "",
                "network_policy": "calico",
                "outbound_type": "loadBalancer",
                "pod_cidr": "",
                "pod_cidrs": [],
                "service_cidr": "10.119.0.0/16",
                "service_cidrs": [
                  "10.119.0.0/16"
                ]
              }
            ],
            "node_resource_group": "rg-testkubernetesgroup-dev-01-aks-nrg",
            "oidc_issuer_enabled": false,
            "oidc_issuer_url": "",
            "oms_agent": [],
            "open_service_mesh_enabled": null,
            "portal_fqdn": "aks-testkubernetesgroup-dev-weu-01-sdpwm7vd.portal.hcp.westeurope.azmk8s.io",
            "private_cluster_enabled": false,
            "private_cluster_public_fqdn_enabled": false,
            "private_dns_zone_id": null,
            "private_fqdn": "",
            "public_network_access_enabled": true,
            "resource_group_name": "rg-testkubernetesgroup-dev-01",
            "role_based_access_control_enabled": true,
            "run_command_enabled": true,
            "service_principal": [],
            "sku_tier": "Free",
            "storage_profile": [],
            "tags": {
              "Environment": "dev",
              "Provisioned": "Terraform"
            },
            "timeouts": null,
            "web_app_routing": [],
            "windows_profile": [
              {
                "admin_password": "",
                "admin_username": "azureuser",
                "gmsa": [],
                "license": ""
              }
            ],
            "workload_autoscaler_profile": [],
            "workload_identity_enabled": false
          },
          "sensitive_attributes": [],
          "private": "eyJlMmJmYjczMC1lY2FhLTExZTYtOGY4OC0zNDM2M2JjN2M0YzAiOnsiY3JlYXRlIjo1NDAwMDAwMDAwMDAwLCJkZWxldGUiOjU0MDAwMDAwMDAwMDAsInJlYWQiOjMwMDAwMDAwMDAwMCwidXBkYXRlIjo1NDAwMDAwMDAwMDAwfSwic2NoZW1hX3ZlcnNpb24iOiIyIn0=",
          "dependencies": [
            "azurerm_public_ip.pip_aks",
            "azurerm_resource_group.main_rg",
            "azurerm_subnet.snet_aks",
            "azurerm_virtual_network.vnet_aks",
            "data.azurerm_kubernetes_service_versions.current"
          ]
        }
      ]
    },
    {
      "mode": "managed",
      "type": "azurerm_public_ip",
      "name": "pip_aks",
      "provider": "provider[\"registry.terraform.io/hashicorp/azurerm\"]",
      "instances": [
        {
          "schema_version": 0,
          "attributes": {
            "allocation_method": "Static",
            "ddos_protection_mode": "VirtualNetworkInherited",
            "ddos_protection_plan_id": null,
            "domain_name_label": null,
            "edge_zone": "",
            "fqdn": null,
            "id": "/subscriptions/d1f6b49f-056d-4d2e-90f5-264eaa9e8db6/resourceGroups/Test_Kubernates_group/providers/Microsoft.Network/publicIPAddresses/myAKSPublicIP",
            "idle_timeout_in_minutes": 4,
            "ip_address": "20.123.132.50",
            "ip_tags": {},
            "ip_version": "IPv4",
            "location": "westeurope",
            "name": "myAKSPublicIP",
            "public_ip_prefix_id": null,
            "resource_group_name": "Test_Kubernates_group",
            "reverse_fqdn": null,
            "sku": "Standard",
            "sku_tier": "Regional",
            "tags": {},
            "timeouts": null,
            "zones": []
          },
          "sensitive_attributes": [],
          "private": "eyJlMmJmYjczMC1lY2FhLTExZTYtOGY4OC0zNDM2M2JjN2M0YzAiOnsiY3JlYXRlIjoxODAwMDAwMDAwMDAwLCJkZWxldGUiOjE4MDAwMDAwMDAwMDAsInJlYWQiOjMwMDAwMDAwMDAwMCwidXBkYXRlIjoxODAwMDAwMDAwMDAwfX0="
        }
      ]
    },
    {
      "mode": "managed",
      "type": "azurerm_resource_group",
      "name": "main_rg",
      "provider": "provider[\"registry.terraform.io/hashicorp/azurerm\"]",
      "instances": [
        {
          "schema_version": 0,
          "attributes": {
            "id": "/subscriptions/d1f6b49f-056d-4d2e-90f5-264eaa9e8db6/resourceGroups/rg-testkubernetesgroup-dev-01",
            "location": "westeurope",
            "name": "rg-testkubernetesgroup-dev-01",
            "tags": {
              "Environment": "dev",
              "Provisioned": "Terraform"
            },
            "timeouts": null
          },
          "sensitive_attributes": [],
          "private": "eyJlMmJmYjczMC1lY2FhLTExZTYtOGY4OC0zNDM2M2JjN2M0YzAiOnsiY3JlYXRlIjo1NDAwMDAwMDAwMDAwLCJkZWxldGUiOjU0MDAwMDAwMDAwMDAsInJlYWQiOjMwMDAwMDAwMDAwMCwidXBkYXRlIjo1NDAwMDAwMDAwMDAwfX0="
        }
      ]
    },
    {
      "mode": "managed",
      "type": "azurerm_role_assignment",
      "name": "aks_cluster_to_acr",
      "provider": "provider[\"registry.terraform.io/hashicorp/azurerm\"]",
      "instances": [
        {
          "schema_version": 0,
          "attributes": {
            "condition": "",
            "condition_version": "",
            "delegated_managed_identity_resource_id": "",
            "description": "",
            "id": "/subscriptions/d1f6b49f-056d-4d2e-90f5-264eaa9e8db6/resourceGroups/rg-testkubernetesgroup-dev-01/providers/Microsoft.ContainerRegistry/registries/acrberryonmars01/providers/Microsoft.Authorization/roleAssignments/5e901688-95ba-57c0-f059-36d8b93f40ba",
            "name": "5e901688-95ba-57c0-f059-36d8b93f40ba",
            "principal_id": "67deb006-17e7-43bb-9d2b-6768976274d9",
            "principal_type": "ServicePrincipal",
            "role_definition_id": "/subscriptions/d1f6b49f-056d-4d2e-90f5-264eaa9e8db6/providers/Microsoft.Authorization/roleDefinitions/7f951dda-4ed3-4680-a7ca-43fe172d538d",
            "role_definition_name": "AcrPull",
            "scope": "/subscriptions/d1f6b49f-056d-4d2e-90f5-264eaa9e8db6/resourceGroups/rg-testkubernetesgroup-dev-01/providers/Microsoft.ContainerRegistry/registries/acrberryonmars01",
            "skip_service_principal_aad_check": null,
            "timeouts": null
          },
          "sensitive_attributes": [],
          "private": "eyJlMmJmYjczMC1lY2FhLTExZTYtOGY4OC0zNDM2M2JjN2M0YzAiOnsiY3JlYXRlIjoxODAwMDAwMDAwMDAwLCJkZWxldGUiOjE4MDAwMDAwMDAwMDAsInJlYWQiOjMwMDAwMDAwMDAwMCwidXBkYXRlIjoxODAwMDAwMDAwMDAwfX0=",
          "dependencies": [
            "azurerm_container_registry.acr",
            "azurerm_kubernetes_cluster.aks_cluster",
            "azurerm_public_ip.pip_aks",
            "azurerm_resource_group.main_rg",
            "azurerm_subnet.snet_aks",
            "azurerm_virtual_network.vnet_aks",
            "data.azurerm_kubernetes_service_versions.current"
          ]
        }
      ]
    },
    {
      "mode": "managed",
      "type": "azurerm_role_assignment",
      "name": "aks_cluster_to_aks_vnet",
      "provider": "provider[\"registry.terraform.io/hashicorp/azurerm\"]",
      "instances": [
        {
          "schema_version": 0,
          "attributes": {
            "condition": "",
            "condition_version": "",
            "delegated_managed_identity_resource_id": "",
            "description": "",
            "id": "/subscriptions/d1f6b49f-056d-4d2e-90f5-264eaa9e8db6/resourceGroups/rg-testkubernetesgroup-dev-01/providers/Microsoft.Network/virtualNetworks/vnet-dev-weu-01/providers/Microsoft.Authorization/roleAssignments/7c31c746-b2d2-0963-5659-010ae12aba0b",
            "name": "7c31c746-b2d2-0963-5659-010ae12aba0b",
            "principal_id": "a0b6753b-a0ae-4b0f-891c-22df62e28851",
            "principal_type": "ServicePrincipal",
            "role_definition_id": "/subscriptions/d1f6b49f-056d-4d2e-90f5-264eaa9e8db6/providers/Microsoft.Authorization/roleDefinitions/4d97b98b-1d4f-4787-a291-c67834d212e7",
            "role_definition_name": "Network Contributor",
            "scope": "/subscriptions/d1f6b49f-056d-4d2e-90f5-264eaa9e8db6/resourceGroups/rg-testkubernetesgroup-dev-01/providers/Microsoft.Network/virtualNetworks/vnet-dev-weu-01",
            "skip_service_principal_aad_check": null,
            "timeouts": null
          },
          "sensitive_attributes": [],
          "private": "eyJlMmJmYjczMC1lY2FhLTExZTYtOGY4OC0zNDM2M2JjN2M0YzAiOnsiY3JlYXRlIjoxODAwMDAwMDAwMDAwLCJkZWxldGUiOjE4MDAwMDAwMDAwMDAsInJlYWQiOjMwMDAwMDAwMDAwMCwidXBkYXRlIjoxODAwMDAwMDAwMDAwfX0=",
          "dependencies": [
            "azurerm_kubernetes_cluster.aks_cluster",
            "azurerm_public_ip.pip_aks",
            "azurerm_resource_group.main_rg",
            "azurerm_subnet.snet_aks",
            "azurerm_virtual_network.vnet_aks",
            "data.azurerm_kubernetes_service_versions.current"
          ]
        }
      ]
    },
    {
      "mode": "managed",
      "type": "azurerm_role_assignment",
      "name": "aks_cluster_to_public_ip",
      "provider": "provider[\"registry.terraform.io/hashicorp/azurerm\"]",
      "instances": [
        {
          "schema_version": 0,
          "attributes": {
            "condition": "",
            "condition_version": "",
            "delegated_managed_identity_resource_id": "",
            "description": "",
            "id": "/subscriptions/d1f6b49f-056d-4d2e-90f5-264eaa9e8db6/resourceGroups/Test_Kubernates_group/providers/Microsoft.Network/publicIPAddresses/myAKSPublicIP/providers/Microsoft.Authorization/roleAssignments/42e59b1c-9a13-54e4-e784-694faa1adefc",
            "name": "42e59b1c-9a13-54e4-e784-694faa1adefc",
            "principal_id": "a0b6753b-a0ae-4b0f-891c-22df62e28851",
            "principal_type": "ServicePrincipal",
            "role_definition_id": "/subscriptions/d1f6b49f-056d-4d2e-90f5-264eaa9e8db6/providers/Microsoft.Authorization/roleDefinitions/4d97b98b-1d4f-4787-a291-c67834d212e7",
            "role_definition_name": "Network Contributor",
            "scope": "/subscriptions/d1f6b49f-056d-4d2e-90f5-264eaa9e8db6/resourceGroups/Test_Kubernates_group/providers/Microsoft.Network/publicIPAddresses/myAKSPublicIP",
            "skip_service_principal_aad_check": null,
            "timeouts": null
          },
          "sensitive_attributes": [],
          "private": "eyJlMmJmYjczMC1lY2FhLTExZTYtOGY4OC0zNDM2M2JjN2M0YzAiOnsiY3JlYXRlIjoxODAwMDAwMDAwMDAwLCJkZWxldGUiOjE4MDAwMDAwMDAwMDAsInJlYWQiOjMwMDAwMDAwMDAwMCwidXBkYXRlIjoxODAwMDAwMDAwMDAwfX0=",
          "dependencies": [
            "azurerm_kubernetes_cluster.aks_cluster",
            "azurerm_public_ip.pip_aks",
            "azurerm_resource_group.main_rg",
            "azurerm_subnet.snet_aks",
            "azurerm_virtual_network.vnet_aks",
            "data.azurerm_kubernetes_service_versions.current"
          ]
        }
      ]
    },
    {
      "mode": "managed",
      "type": "azurerm_role_assignment",
      "name": "aks_cluster_to_storage_witron_fs",
      "provider": "provider[\"registry.terraform.io/hashicorp/azurerm\"]",
      "instances": [
        {
          "schema_version": 0,
          "attributes": {
            "condition": "",
            "condition_version": "",
            "delegated_managed_identity_resource_id": "",
            "description": "",
            "id": "/subscriptions/d1f6b49f-056d-4d2e-90f5-264eaa9e8db6/resourceGroups/rg-testkubernetesgroup-dev-01/providers/Microsoft.Storage/storageAccounts/sttestkubernetesgroup/providers/Microsoft.Authorization/roleAssignments/02eed820-c276-d7d3-d31a-15a2c232ccff",
            "name": "02eed820-c276-d7d3-d31a-15a2c232ccff",
            "principal_id": "a0b6753b-a0ae-4b0f-891c-22df62e28851",
            "principal_type": "ServicePrincipal",
            "role_definition_id": "/subscriptions/d1f6b49f-056d-4d2e-90f5-264eaa9e8db6/providers/Microsoft.Authorization/roleDefinitions/17d1049b-9a84-46fb-8f53-869881c3d3ab",
            "role_definition_name": "Storage Account Contributor",
            "scope": "/subscriptions/d1f6b49f-056d-4d2e-90f5-264eaa9e8db6/resourceGroups/rg-testkubernetesgroup-dev-01/providers/Microsoft.Storage/storageAccounts/sttestkubernetesgroup",
            "skip_service_principal_aad_check": null,
            "timeouts": null
          },
          "sensitive_attributes": [],
          "private": "eyJlMmJmYjczMC1lY2FhLTExZTYtOGY4OC0zNDM2M2JjN2M0YzAiOnsiY3JlYXRlIjoxODAwMDAwMDAwMDAwLCJkZWxldGUiOjE4MDAwMDAwMDAwMDAsInJlYWQiOjMwMDAwMDAwMDAwMCwidXBkYXRlIjoxODAwMDAwMDAwMDAwfX0=",
          "dependencies": [
            "azurerm_kubernetes_cluster.aks_cluster",
            "azurerm_public_ip.pip_aks",
            "azurerm_resource_group.main_rg",
            "azurerm_storage_account.st_witron_premium_fs",
            "azurerm_subnet.snet_aks",
            "azurerm_virtual_network.vnet_aks",
            "data.azurerm_kubernetes_service_versions.current"
          ]
        }
      ]
    },
    {
      "mode": "managed",
      "type": "azurerm_storage_account",
      "name": "st_witron_premium_fs",
      "provider": "provider[\"registry.terraform.io/hashicorp/azurerm\"]",
      "instances": [
        {
          "schema_version": 3,
          "attributes": {
            "access_tier": "Hot",
            "account_kind": "FileStorage",
            "account_replication_type": "LRS",
            "account_tier": "Premium",
            "allow_nested_items_to_be_public": false,
            "allowed_copy_scope": "",
            "azure_files_authentication": [],
            "blob_properties": [],
            "cross_tenant_replication_enabled": false,
            "custom_domain": [],
            "customer_managed_key": [],
            "default_to_oauth_authentication": false,
            "edge_zone": "",
            "enable_https_traffic_only": false,
            "id": "/subscriptions/d1f6b49f-056d-4d2e-90f5-264eaa9e8db6/resourceGroups/rg-testkubernetesgroup-dev-01/providers/Microsoft.Storage/storageAccounts/sttestkubernetesgroup",
            "identity": [],
            "immutability_policy": [],
            "infrastructure_encryption_enabled": false,
            "is_hns_enabled": false,
            "large_file_share_enabled": true,
            "location": "westeurope",
            "min_tls_version": "TLS1_2",
            "name": "sttestkubernetesgroup",
            "network_rules": [
              {
                "bypass": [
                  "AzureServices"
                ],
                "default_action": "Deny",
                "ip_rules": [],
                "private_link_access": [],
                "virtual_network_subnet_ids": [
                  "/subscriptions/d1f6b49f-056d-4d2e-90f5-264eaa9e8db6/resourceGroups/rg-testkubernetesgroup-dev-01/providers/Microsoft.Network/virtualNetworks/vnet-dev-weu-01/subnets/snet-dev-weu-01"
                ]
              }
            ],
            "nfsv3_enabled": false,
            "primary_access_key": "mbQ1qo9xJhoqjB5ftbeTLE3ed/5nAMEWgLdvfhcVSa+Y4tpDtHmwz9oy51h6wH/xykr6KW68yiRP+AStcETMaw==",
            "primary_blob_connection_string": "DefaultEndpointsProtocol=https;BlobEndpoint=;AccountName=sttestkubernetesgroup;AccountKey=mbQ1qo9xJhoqjB5ftbeTLE3ed/5nAMEWgLdvfhcVSa+Y4tpDtHmwz9oy51h6wH/xykr6KW68yiRP+AStcETMaw==",
            "primary_blob_endpoint": "",
            "primary_blob_host": "",
            "primary_connection_string": "DefaultEndpointsProtocol=https;AccountName=sttestkubernetesgroup;AccountKey=mbQ1qo9xJhoqjB5ftbeTLE3ed/5nAMEWgLdvfhcVSa+Y4tpDtHmwz9oy51h6wH/xykr6KW68yiRP+AStcETMaw==;EndpointSuffix=core.windows.net",
            "primary_dfs_endpoint": "",
            "primary_dfs_host": "",
            "primary_file_endpoint": "https://sttestkubernetesgroup.file.core.windows.net/",
            "primary_file_host": "sttestkubernetesgroup.file.core.windows.net",
            "primary_location": "westeurope",
            "primary_queue_endpoint": "",
            "primary_queue_host": "",
            "primary_table_endpoint": "",
            "primary_table_host": "",
            "primary_web_endpoint": "",
            "primary_web_host": "",
            "public_network_access_enabled": true,
            "queue_encryption_key_type": "Service",
            "queue_properties": [],
            "resource_group_name": "rg-testkubernetesgroup-dev-01",
            "routing": [],
            "sas_policy": [],
            "secondary_access_key": "OroI9GL51MVLGLiSJXc+KVCoHDqZG6OdC3M9jDh0XQfTitnHtXaaPhBbvofrAorIqCHvUE0ukExM+AStMjFQYg==",
            "secondary_blob_connection_string": "",
            "secondary_blob_endpoint": null,
            "secondary_blob_host": null,
            "secondary_connection_string": "DefaultEndpointsProtocol=https;AccountName=sttestkubernetesgroup;AccountKey=OroI9GL51MVLGLiSJXc+KVCoHDqZG6OdC3M9jDh0XQfTitnHtXaaPhBbvofrAorIqCHvUE0ukExM+AStMjFQYg==;EndpointSuffix=core.windows.net",
            "secondary_dfs_endpoint": null,
            "secondary_dfs_host": null,
            "secondary_file_endpoint": null,
            "secondary_file_host": null,
            "secondary_location": "",
            "secondary_queue_endpoint": null,
            "secondary_queue_host": null,
            "secondary_table_endpoint": null,
            "secondary_table_host": null,
            "secondary_web_endpoint": null,
            "secondary_web_host": null,
            "sftp_enabled": false,
            "share_properties": [
              {
                "cors_rule": [],
                "retention_policy": [
                  {
                    "days": 30
                  }
                ],
                "smb": [
                  {
                    "authentication_types": [],
                    "channel_encryption_type": [],
                    "kerberos_ticket_encryption_type": [],
                    "multichannel_enabled": false,
                    "versions": []
                  }
                ]
              }
            ],
            "shared_access_key_enabled": true,
            "static_website": [],
            "table_encryption_key_type": "Service",
            "tags": {
              "Environment": "dev",
              "Provisioned": "Terraform"
            },
            "timeouts": null
          },
          "sensitive_attributes": [],
          "private": "eyJlMmJmYjczMC1lY2FhLTExZTYtOGY4OC0zNDM2M2JjN2M0YzAiOnsiY3JlYXRlIjozNjAwMDAwMDAwMDAwLCJkZWxldGUiOjM2MDAwMDAwMDAwMDAsInJlYWQiOjMwMDAwMDAwMDAwMCwidXBkYXRlIjozNjAwMDAwMDAwMDAwfSwic2NoZW1hX3ZlcnNpb24iOiIzIn0=",
          "dependencies": [
            "azurerm_resource_group.main_rg",
            "azurerm_subnet.snet_aks",
            "azurerm_virtual_network.vnet_aks"
          ]
        }
      ]
    },
    {
      "mode": "managed",
      "type": "azurerm_subnet",
      "name": "snet_aks",
      "provider": "provider[\"registry.terraform.io/hashicorp/azurerm\"]",
      "instances": [
        {
          "schema_version": 0,
          "attributes": {
            "address_prefixes": [
              "10.160.244.0/24"
            ],
            "delegation": [],
            "enforce_private_link_endpoint_network_policies": false,
            "enforce_private_link_service_network_policies": false,
            "id": "/subscriptions/d1f6b49f-056d-4d2e-90f5-264eaa9e8db6/resourceGroups/rg-testkubernetesgroup-dev-01/providers/Microsoft.Network/virtualNetworks/vnet-dev-weu-01/subnets/snet-dev-weu-01",
            "name": "snet-dev-weu-01",
            "private_endpoint_network_policies_enabled": true,
            "private_link_service_network_policies_enabled": true,
            "resource_group_name": "rg-testkubernetesgroup-dev-01",
            "service_endpoint_policy_ids": [],
            "service_endpoints": [
              "Microsoft.KeyVault",
              "Microsoft.Sql",
              "Microsoft.Storage"
            ],
            "timeouts": null,
            "virtual_network_name": "vnet-dev-weu-01"
          },
          "sensitive_attributes": [],
          "private": "eyJlMmJmYjczMC1lY2FhLTExZTYtOGY4OC0zNDM2M2JjN2M0YzAiOnsiY3JlYXRlIjoxODAwMDAwMDAwMDAwLCJkZWxldGUiOjE4MDAwMDAwMDAwMDAsInJlYWQiOjMwMDAwMDAwMDAwMCwidXBkYXRlIjoxODAwMDAwMDAwMDAwfX0=",
          "dependencies": [
            "azurerm_resource_group.main_rg",
            "azurerm_virtual_network.vnet_aks"
          ]
        }
      ]
    },
    {
      "mode": "managed",
      "type": "azurerm_virtual_network",
      "name": "vnet_aks",
      "provider": "provider[\"registry.terraform.io/hashicorp/azurerm\"]",
      "instances": [
        {
          "schema_version": 0,
          "attributes": {
            "address_space": [
              "10.160.244.0/22"
            ],
            "bgp_community": "",
            "ddos_protection_plan": [],
            "dns_servers": [],
            "edge_zone": "",
            "flow_timeout_in_minutes": 0,
            "guid": "0c377aaf-7497-4f29-88bc-995fbdfe6034",
            "id": "/subscriptions/d1f6b49f-056d-4d2e-90f5-264eaa9e8db6/resourceGroups/rg-testkubernetesgroup-dev-01/providers/Microsoft.Network/virtualNetworks/vnet-dev-weu-01",
            "location": "westeurope",
            "name": "vnet-dev-weu-01",
            "resource_group_name": "rg-testkubernetesgroup-dev-01",
            "subnet": [
              {
                "address_prefix": "10.160.244.0/24",
                "id": "/subscriptions/d1f6b49f-056d-4d2e-90f5-264eaa9e8db6/resourceGroups/rg-testkubernetesgroup-dev-01/providers/Microsoft.Network/virtualNetworks/vnet-dev-weu-01/subnets/snet-dev-weu-01",
                "name": "snet-dev-weu-01",
                "security_group": ""
              }
            ],
            "tags": {
              "Environment": "dev",
              "Provisioned": "Terraform"
            },
            "timeouts": null
          },
          "sensitive_attributes": [],
          "private": "eyJlMmJmYjczMC1lY2FhLTExZTYtOGY4OC0zNDM2M2JjN2M0YzAiOnsiY3JlYXRlIjoxODAwMDAwMDAwMDAwLCJkZWxldGUiOjE4MDAwMDAwMDAwMDAsInJlYWQiOjMwMDAwMDAwMDAwMCwidXBkYXRlIjoxODAwMDAwMDAwMDAwfX0=",
          "dependencies": [
            "azurerm_resource_group.main_rg"
          ]
        }
      ]
    },
    {
      "mode": "managed",
      "type": "random_pet",
      "name": "aksrandom",
      "provider": "provider[\"registry.terraform.io/hashicorp/random\"]",
      "instances": [
        {
          "schema_version": 0,
          "attributes": {
            "id": "fit-crappie",
            "keepers": null,
            "length": 2,
            "prefix": null,
            "separator": "-"
          },
          "sensitive_attributes": []
        }
      ]
    }
  ],
  "check_results": null
}
